// !$*UTF8*$!
{
	archiveVersion = 1;
	classes = {
	};
	objectVersion = 46;
	objects = {

/* Begin PBXBuildFile section */
		59642B481E21BB6A001C7008 /* AppDelegate.swift in Sources */ = {isa = PBXBuildFile; fileRef = 59642B471E21BB6A001C7008 /* AppDelegate.swift */; };
		59642B4D1E21BB6A001C7008 /* Main.storyboard in Resources */ = {isa = PBXBuildFile; fileRef = 59642B4B1E21BB6A001C7008 /* Main.storyboard */; };
		59642B4F1E21BB6A001C7008 /* Assets.xcassets in Resources */ = {isa = PBXBuildFile; fileRef = 59642B4E1E21BB6A001C7008 /* Assets.xcassets */; };
		59642B5C1E21BBE2001C7008 /* backgroundColors.swift in Sources */ = {isa = PBXBuildFile; fileRef = 59642B591E21BBE2001C7008 /* backgroundColors.swift */; };
		59642B5D1E21BBE2001C7008 /* MainViewController.swift in Sources */ = {isa = PBXBuildFile; fileRef = 59642B5A1E21BBE2001C7008 /* MainViewController.swift */; };
		59642B5E1E21BBE2001C7008 /* questions.swift in Sources */ = {isa = PBXBuildFile; fileRef = 59642B5B1E21BBE2001C7008 /* questions.swift */; };
		59642B601E21F3F4001C7008 /* LaunchScreen.storyboard in Resources */ = {isa = PBXBuildFile; fileRef = 59642B5F1E21F3F4001C7008 /* LaunchScreen.storyboard */; };
/* End PBXBuildFile section */

/* Begin PBXFileReference section */
		59642B441E21BB6A001C7008 /* PopQuestion.app */ = {isa = PBXFileReference; explicitFileType = wrapper.application; includeInIndex = 0; path = PopQuestion.app; sourceTree = BUILT_PRODUCTS_DIR; };
		59642B471E21BB6A001C7008 /* AppDelegate.swift */ = {isa = PBXFileReference; lastKnownFileType = sourcecode.swift; path = AppDelegate.swift; sourceTree = "<group>"; };
		59642B4C1E21BB6A001C7008 /* Base */ = {isa = PBXFileReference; lastKnownFileType = file.storyboard; name = Base; path = Base.lproj/Main.storyboard; sourceTree = "<group>"; };
		59642B4E1E21BB6A001C7008 /* Assets.xcassets */ = {isa = PBXFileReference; lastKnownFileType = folder.assetcatalog; path = Assets.xcassets; sourceTree = "<group>"; };
		59642B531E21BB6A001C7008 /* Info.plist */ = {isa = PBXFileReference; lastKnownFileType = text.plist.xml; path = Info.plist; sourceTree = "<group>"; };
		59642B591E21BBE2001C7008 /* backgroundColors.swift */ = {isa = PBXFileReference; fileEncoding = 4; lastKnownFileType = sourcecode.swift; path = backgroundColors.swift; sourceTree = "<group>"; };
		59642B5A1E21BBE2001C7008 /* MainViewController.swift */ = {isa = PBXFileReference; fileEncoding = 4; lastKnownFileType = sourcecode.swift; path = MainViewController.swift; sourceTree = "<group>"; };
		59642B5B1E21BBE2001C7008 /* questions.swift */ = {isa = PBXFileReference; fileEncoding = 4; lastKnownFileType = sourcecode.swift; path = questions.swift; sourceTree = "<group>"; };
		59642B5F1E21F3F4001C7008 /* LaunchScreen.storyboard */ = {isa = PBXFileReference; fileEncoding = 4; lastKnownFileType = file.storyboard; path = LaunchScreen.storyboard; sourceTree = "<group>"; };
/* End PBXFileReference section */

/* Begin PBXFrameworksBuildPhase section */
		59642B411E21BB6A001C7008 /* Frameworks */ = {
			isa = PBXFrameworksBuildPhase;
			buildActionMask = 2147483647;
			files = (
			);
			runOnlyForDeploymentPostprocessing = 0;
		};
/* End PBXFrameworksBuildPhase section */

/* Begin PBXGroup section */
		59642B3B1E21BB6A001C7008 = {
			isa = PBXGroup;
			children = (
				59642B461E21BB6A001C7008 /* PopQuestion */,
				59642B451E21BB6A001C7008 /* Products */,
			);
			sourceTree = "<group>";
		};
		59642B451E21BB6A001C7008 /* Products */ = {
			isa = PBXGroup;
			children = (
				59642B441E21BB6A001C7008 /* PopQuestion.app */,
			);
			name = Products;
			sourceTree = "<group>";
		};
		59642B461E21BB6A001C7008 /* PopQuestion */ = {
			isa = PBXGroup;
			children = (
				59642B471E21BB6A001C7008 /* AppDelegate.swift */,
				59642B5A1E21BBE2001C7008 /* MainViewController.swift */,
				59642B5B1E21BBE2001C7008 /* questions.swift */,
				59642B591E21BBE2001C7008 /* backgroundColors.swift */,
				59642B4B1E21BB6A001C7008 /* Main.storyboard */,
				59642B4E1E21BB6A001C7008 /* Assets.xcassets */,
				59642B531E21BB6A001C7008 /* Info.plist */,
				59642B5F1E21F3F4001C7008 /* LaunchScreen.storyboard */,
			);
			path = PopQuestion;
			sourceTree = "<group>";
		};
/* End PBXGroup section */

/* Begin PBXNativeTarget section */
		59642B431E21BB6A001C7008 /* PopQuestion */ = {
			isa = PBXNativeTarget;
			buildConfigurationList = 59642B561E21BB6A001C7008 /* Build configuration list for PBXNativeTarget "PopQuestion" */;
			buildPhases = (
				59642B401E21BB6A001C7008 /* Sources */,
				59642B411E21BB6A001C7008 /* Frameworks */,
				59642B421E21BB6A001C7008 /* Resources */,
			);
			buildRules = (
			);
			dependencies = (
			);
			name = PopQuestion;
			productName = PopQuestion;
			productReference = 59642B441E21BB6A001C7008 /* PopQuestion.app */;
			productType = "com.apple.product-type.application";
		};
/* End PBXNativeTarget section */

/* Begin PBXProject section */
		59642B3C1E21BB6A001C7008 /* Project object */ = {
			isa = PBXProject;
			attributes = {
				LastSwiftUpdateCheck = 0820;
				LastUpgradeCheck = 0820;
				ORGANIZATIONNAME = "Ike Mattice";
				TargetAttributes = {
					59642B431E21BB6A001C7008 = {
						CreatedOnToolsVersion = 8.2.1;
						DevelopmentTeam = WZV594TB5J;
						ProvisioningStyle = Automatic;
					};
				};
			};
			buildConfigurationList = 59642B3F1E21BB6A001C7008 /* Build configuration list for PBXProject "PopQuestion" */;
			compatibilityVersion = "Xcode 3.2";
			developmentRegion = English;
			hasScannedForEncodings = 0;
			knownRegions = (
				en,
				Base,
			);
			mainGroup = 59642B3B1E21BB6A001C7008;
			productRefGroup = 59642B451E21BB6A001C7008 /* Products */;
			projectDirPath = "";
			projectRoot = "";
			targets = (
				59642B431E21BB6A001C7008 /* PopQuestion */,
			);
		};
/* End PBXProject section */

/* Begin PBXResourcesBuildPhase section */
		59642B421E21BB6A001C7008 /* Resources */ = {
			isa = PBXResourcesBuildPhase;
			buildActionMask = 2147483647;
			files = (
				59642B601E21F3F4001C7008 /* LaunchScreen.storyboard in Resources */,
				59642B4F1E21BB6A001C7008 /* Assets.xcassets in Resources */,
				59642B4D1E21BB6A001C7008 /* Main.storyboard in Resources */,
			);
			runOnlyForDeploymentPostprocessing = 0;
		};
/* End PBXResourcesBuildPhase section */

/* Begin PBXSourcesBuildPhase section */
		59642B401E21BB6A001C7008 /* Sources */ = {
			isa = PBXSourcesBuildPhase;
			buildActionMask = 2147483647;
			files = (
				59642B5C1E21BBE2001C7008 /* backgroundColors.swift in Sources */,
				59642B5E1E21BBE2001C7008 /* questions.swift in Sources */,
				59642B481E21BB6A001C7008 /* AppDelegate.swift in Sources */,
				59642B5D1E21BBE2001C7008 /* MainViewController.swift in Sources */,
			);
			runOnlyForDeploymentPostprocessing = 0;
		};
/* End PBXSourcesBuildPhase section */

/* Begin PBXVariantGroup section */
		59642B4B1E21BB6A001C7008 /* Main.storyboard */ = {
			isa = PBXVariantGroup;
			children = (
				59642B4C1E21BB6A001C7008 /* Base */,
			);
			name = Main.storyboard;
			sourceTree = "<group>";
		};
/* End PBXVariantGroup section */

/* Begin XCBuildConfiguration section */
		59642B541E21BB6A001C7008 /* Debug */ = {
			isa = XCBuildConfiguration;
			buildSettings = {
				ALWAYS_SEARCH_USER_PATHS = NO;
				CLANG_ANALYZER_NONNULL = YES;
				CLANG_CXX_LANGUAGE_STANDARD = "gnu++0x";
				CLANG_CXX_LIBRARY = "libc++";
				CLANG_ENABLE_MODULES = YES;
				CLANG_ENABLE_OBJC_ARC = YES;
				CLANG_WARN_BOOL_CONVERSION = YES;
				CLANG_WARN_CONSTANT_CONVERSION = YES;
				CLANG_WARN_DIRECT_OBJC_ISA_USAGE = YES_ERROR;
				CLANG_WARN_DOCUMENTATION_COMMENTS = YES;
				CLANG_WARN_EMPTY_BODY = YES;
				CLANG_WARN_ENUM_CONVERSION = YES;
				CLANG_WARN_INFINITE_RECURSION = YES;
				CLANG_WARN_INT_CONVERSION = YES;
				CLANG_WARN_OBJC_ROOT_CLASS = YES_ERROR;
				CLANG_WARN_SUSPICIOUS_MOVE = YES;
				CLANG_WARN_UNREACHABLE_CODE = YES;
				CLANG_WARN__DUPLICATE_METHOD_MATCH = YES;
				"CODE_SIGN_IDENTITY[sdk=iphoneos*]" = "iPhone Developer";
				COPY_PHASE_STRIP = NO;
				DEBUG_INFORMATION_FORMAT = dwarf;
				ENABLE_STRICT_OBJC_MSGSEND = YES;
				ENABLE_TESTABILITY = YES;
				GCC_C_LANGUAGE_STANDARD = gnu99;
				GCC_DYNAMIC_NO_PIC = NO;
				GCC_NO_COMMON_BLOCKS = YES;
				GCC_OPTIMIZATION_LEVEL = 0;
				GCC_PREPROCESSOR_DEFINITIONS = (
					"DEBUG=1",
					"$(inherited)",
				);
				GCC_WARN_64_TO_32_BIT_CONVERSION = YES;
				GCC_WARN_ABOUT_RETURN_TYPE = YES_ERROR;
				GCC_WARN_UNDECLARED_SELECTOR = YES;
				GCC_WARN_UNINITIALIZED_AUTOS = YES_AGGRESSIVE;
				GCC_WARN_UNUSED_FUNCTION = YES;
				GCC_WARN_UNUSED_VARIABLE = YES;
				IPHONEOS_DEPLOYMENT_TARGET = 10.2;
				MTL_ENABLE_DEBUG_INFO = YES;
				ONLY_ACTIVE_ARCH = YES;
				SDKROOT = iphoneos;
				SWIFT_ACTIVE_COMPILATION_CONDITIONS = DEBUG;
				SWIFT_OPTIMIZATION_LEVEL = "-Onone";
			};
			name = Debug;
		};
		59642B551E21BB6A001C7008 /* Release */ = {
			isa = XCBuildConfiguration;
			buildSettings = {
				ALWAYS_SEARCH_USER_PATHS = NO;
				CLANG_ANALYZER_NONNULL = YES;
				CLANG_CXX_LANGUAGE_STANDARD = "gnu++0x";
				CLANG_CXX_LIBRARY = "libc++";
				CLANG_ENABLE_MODULES = YES;
				CLANG_ENABLE_OBJC_ARC = YES;
				CLANG_WARN_BOOL_CONVERSION = YES;
				CLANG_WARN_CONSTANT_CONVERSION = YES;
				CLANG_WARN_DIRECT_OBJC_ISA_USAGE = YES_ERROR;
				CLANG_WARN_DOCUMENTATION_COMMENTS = YES;
				CLANG_WARN_EMPTY_BODY = YES;
				CLANG_WARN_ENUM_CONVERSION = YES;
				CLANG_WARN_INFINITE_RECURSION = YES;
				CLANG_WARN_INT_CONVERSION = YES;
				CLANG_WARN_OBJC_ROOT_CLASS = YES_ERROR;
				CLANG_WARN_SUSPICIOUS_MOVE = YES;
				CLANG_WARN_UNREACHABLE_CODE = YES;
				CLANG_WARN__DUPLICATE_METHOD_MATCH = YES;
				"CODE_SIGN_IDENTITY[sdk=iphoneos*]" = "iPhone Developer";
				COPY_PHASE_STRIP = NO;
				DEBUG_INFORMATION_FORMAT = "dwarf-with-dsym";
				ENABLE_NS_ASSERTIONS = NO;
				ENABLE_STRICT_OBJC_MSGSEND = YES;
				GCC_C_LANGUAGE_STANDARD = gnu99;
				GCC_NO_COMMON_BLOCKS = YES;
				GCC_WARN_64_TO_32_BIT_CONVERSION = YES;
				GCC_WARN_ABOUT_RETURN_TYPE = YES_ERROR;
				GCC_WARN_UNDECLARED_SELECTOR = YES;
				GCC_WARN_UNINITIALIZED_AUTOS = YES_AGGRESSIVE;
				GCC_WARN_UNUSED_FUNCTION = YES;
				GCC_WARN_UNUSED_VARIABLE = YES;
				IPHONEOS_DEPLOYMENT_TARGET = 10.2;
				MTL_ENABLE_DEBUG_INFO = NO;
				SDKROOT = iphoneos;
				SWIFT_OPTIMIZATION_LEVEL = "-Owholemodule";
				VALIDATE_PRODUCT = YES;
			};
			name = Release;
		};
		59642B571E21BB6A001C7008 /* Debug */ = {
			isa = XCBuildConfiguration;
			buildSettings = {
				ASSETCATALOG_COMPILER_APPICON_NAME = AppIcon;
				DEVELOPMENT_TEAM = WZV594TB5J;
				INFOPLIST_FILE = PopQuestion/Info.plist;
				IPHONEOS_DEPLOYMENT_TARGET = 10.0;
				LD_RUNPATH_SEARCH_PATHS = "$(inherited) @executable_path/Frameworks";
				PRODUCT_BUNDLE_IDENTIFIER = com.ikemattice.popquestion;
				PRODUCT_NAME = "$(TARGET_NAME)";
				SWIFT_VERSION = 3.0;
			};
			name = Debug;
		};
		59642B581E21BB6A001C7008 /* Release */ = {
			isa = XCBuildConfiguration;
			buildSettings = {
				ASSETCATALOG_COMPILER_APPICON_NAME = AppIcon;
				DEVELOPMENT_TEAM = WZV594TB5J;
				INFOPLIST_FILE = PopQuestion/Info.plist;
				IPHONEOS_DEPLOYMENT_TARGET = 10.0;
				LD_RUNPATH_SEARCH_PATHS = "$(inherited) @executable_path/Frameworks";
				PRODUCT_BUNDLE_IDENTIFIER = com.ikemattice.popquestion;
				PRODUCT_NAME = "$(TARGET_NAME)";
				SWIFT_VERSION = 3.0;
			};
			name = Release;
		};
/* End XCBuildConfiguration section */

/* Begin XCConfigurationList section */
		59642B3F1E21BB6A001C7008 /* Build configuration list for PBXProject "PopQuestion" */ = {
			isa = XCConfigurationList;
			buildConfigurations = (
				59642B541E21BB6A001C7008 /* Debug */,
				59642B551E21BB6A001C7008 /* Release */,
			);
			defaultConfigurationIsVisible = 0;
			defaultConfigurationName = Release;
		};
		59642B561E21BB6A001C7008 /* Build configuration list for PBXNativeTarget "PopQuestion" */ = {
			isa = XCConfigurationList;
			buildConfigurations = (
				59642B571E21BB6A001C7008 /* Debug */,
				59642B581E21BB6A001C7008 /* Release */,
			);
			defaultConfigurationIsVisible = 0;
			defaultConfigurationName = Release;
		};
/* End XCConfigurationList section */
	};
	rootObject = 59642B3C1E21BB6A001C7008 /* Project object */;
}
